
Microsoft Visual Studio Solution File, Format Version 12.00
# Visual Studio Version 17
VisualStudioVersion = 17.14.36511.14 d17.14
MinimumVisualStudioVersion = 10.0.40219.1
Project("{8BC9CEB8-8B4A-11D0-8D11-00A0C91BC942}") = "EH GP1 SNAKE GAME", "EH GP1 SNAKE GAME.vcxproj", "{5324BA7C-3B6E-4129-8745-6D54588858C2}"
EndProject
Global
	GlobalSection(SolutionConfigurationPlatforms) = preSolution
		Debug|x64 = Debug|x64
		Debug|x86 = Debug|x86
		Release|x64 = Release|x64
		Release|x86 = Release|x86
	EndGlobalSection
	GlobalSection(ProjectConfigurationPlatforms) = postSolution
		{5324BA7C-3B6E-4129-8745-6D54588858C2}.Debug|x64.ActiveCfg = Debug|x64
		{5324BA7C-3B6E-4129-8745-6D54588858C2}.Debug|x64.Build.0 = Debug|x64
		{5324BA7C-3B6E-4129-8745-6D54588858C2}.Debug|x86.ActiveCfg = Debug|Win32
		{5324BA7C-3B6E-4129-8745-6D54588858C2}.Debug|x86.Build.0 = Debug|Win32
		{5324BA7C-3B6E-4129-8745-6D54588858C2}.Release|x64.ActiveCfg = Release|x64
		{5324BA7C-3B6E-4129-8745-6D54588858C2}.Release|x64.Build.0 = Release|x64
		{5324BA7C-3B6E-4129-8745-6D54588858C2}.Release|x86.ActiveCfg = Release|Win32
		{5324BA7C-3B6E-4129-8745-6D54588858C2}.Release|x86.Build.0 = Release|Win32
	EndGlobalSection
	GlobalSection(SolutionProperties) = preSolution
		HideSolutionNode = FALSE
	EndGlobalSection
	GlobalSection(ExtensibilityGlobals) = postSolution
		SolutionGuid = {DFB2E25B-BDAD-4264-881D-346BE2A75FEF}
	EndGlobalSection
EndGlobal
